
Microsoft Visual Studio Solution File, Format Version 12.00
# Visual Studio Version 16
VisualStudioVersion = 16.0.31424.327
MinimumVisualStudioVersion = 10.0.40219.1
Project("{FAE04EC0-301F-11D3-BF4B-00C04F79EFBC}") = "IUE_Cinema", "IUE_Cinema\IUE_Cinema.csproj", "{5E7DCA52-4147-42DD-9CAA-AE24FBB5E2E8}"
EndProject
Global
	GlobalSection(SolutionConfigurationPlatforms) = preSolution
		Debug|Any CPU = Debug|Any CPU
		Release|Any CPU = Release|Any CPU
	EndGlobalSection
	GlobalSection(ProjectConfigurationPlatforms) = postSolution
		{5E7DCA52-4147-42DD-9CAA-AE24FBB5E2E8}.Debug|Any CPU.ActiveCfg = Debug|Any CPU
		{5E7DCA52-4147-42DD-9CAA-AE24FBB5E2E8}.Debug|Any CPU.Build.0 = Debug|Any CPU
		{5E7DCA52-4147-42DD-9CAA-AE24FBB5E2E8}.Release|Any CPU.ActiveCfg = Release|Any CPU
		{5E7DCA52-4147-42DD-9CAA-AE24FBB5E2E8}.Release|Any CPU.Build.0 = Release|Any CPU
	EndGlobalSection
	GlobalSection(SolutionProperties) = preSolution
		HideSolutionNode = FALSE
	EndGlobalSection
	GlobalSection(ExtensibilityGlobals) = postSolution
		SolutionGuid = {20C847CF-68EE-4F7B-9158-A126A7BD08A4}
	EndGlobalSection
EndGlobal
